{
  "projects": [
    {
      "projectId": "8PtdGodUbexNYgkuyBUcWu",
      "version": "3.32.0",
      "dependencies": {},
      "lang": "ts",
      "fileLocks": [
        {
          "assetId": "8PtdGodUbexNYgkuyBUcWu",
          "type": "projectCss",
          "checksum": "088414e6e971a72681288a050fb2f7d7"
        },
        {
          "assetId": "8PtdGodUbexNYgkuyBUcWu",
          "checksum": "c34deae3be4116372b8f09a576ea3a01",
          "type": "globalContexts"
        },
        {
          "assetId": "8PtdGodUbexNYgkuyBUcWu",
          "checksum": "23e35f9a7b22b3e265a5e7ef8ec77a00",
          "type": "projectModule"
        },
        {
          "assetId": "8PtdGodUbexNYgkuyBUcWu",
          "checksum": "f4648e6bffbe30fbcd5b6898f2f6f659",
          "type": "styleTokensProvider"
        }
      ],
      "codegenVersion": "0.0.2"
    },
    {
      "projectId": "58GpZjZCWTaJ8AUhpCwt2K",
      "version": "3.33.0",
      "dependencies": {},
      "lang": "ts",
      "fileLocks": [
        {
          "assetId": "58GpZjZCWTaJ8AUhpCwt2K",
          "type": "projectCss",
          "checksum": "b4cfca3020a1c748035158bb466abc3b"
        },
        {
          "assetId": "58GpZjZCWTaJ8AUhpCwt2K",
          "checksum": "ba5a227fa7f7d5c086cc9a3f0cebe732",
          "type": "projectModule"
        },
        {
          "assetId": "58GpZjZCWTaJ8AUhpCwt2K",
          "checksum": "ce805aeb5be9bd988f98833caab3188b",
          "type": "styleTokensProvider"
        }
      ],
      "codegenVersion": "0.0.2"
    },
    {
      "projectId": "gmeH6XgPaBtkt51HunAo4g",
      "version": "18.25.0",
      "dependencies": {},
      "lang": "ts",
      "fileLocks": [
        {
          "assetId": "gmeH6XgPaBtkt51HunAo4g",
          "type": "projectCss",
          "checksum": "fd97b5780f8a68a1561c8818e6d31f40"
        },
        {
          "assetId": "gmeH6XgPaBtkt51HunAo4g",
          "checksum": "b257914c183ee7b8f06149f466106930",
          "type": "projectModule"
        },
        {
          "assetId": "gmeH6XgPaBtkt51HunAo4g",
          "checksum": "2761cb86563caae329d2f632cfefa8f5",
          "type": "styleTokensProvider"
        }
      ],
      "codegenVersion": "0.0.2"
    },
    {
      "projectId": "14Poat1Xo2MFaa35ZoCnqd",
      "version": "latest",
      "dependencies": {
        "gmeH6XgPaBtkt51HunAo4g": "18.25.0",
        "58GpZjZCWTaJ8AUhpCwt2K": "3.33.0",
        "8PtdGodUbexNYgkuyBUcWu": "3.32.0"
      },
      "lang": "ts",
      "fileLocks": [
        {
          "type": "globalVariant",
          "assetId": "0Fkg4IJ0Mdq3",
          "checksum": "b3a6eb4c6fe32d926922725fa7ade0c9"
        },
        {
          "type": "globalVariant",
          "assetId": "cQH84q-hFMlX",
          "checksum": "6dedf6210dbd7d7599a395fd5d28989f"
        },
        {
          "assetId": "14Poat1Xo2MFaa35ZoCnqd",
          "checksum": "02d36bfd99cfb61ebae94b92cd33d980",
          "type": "globalContexts"
        },
        {
          "assetId": "14Poat1Xo2MFaa35ZoCnqd",
          "checksum": "0fe3a78d0219e4eb8549c01818c17f3b",
          "type": "projectModule"
        },
        {
          "assetId": "14Poat1Xo2MFaa35ZoCnqd",
          "checksum": "d771d26b5a4721b8b19abdf72b5ab44a",
          "type": "styleTokensProvider"
        },
        {
          "type": "renderModule",
          "assetId": "SNW5XY7pn134",
          "checksum": "c8dde7569aff253b0b2d9e4bd4dc0375"
        },
        {
          "type": "cssRules",
          "assetId": "SNW5XY7pn134",
          "checksum": "c8dde7569aff253b0b2d9e4bd4dc0375"
        },
        {
          "type": "renderModule",
          "assetId": "4uVmaOMPkJzP",
          "checksum": "57122ab1676185b000930a556bc05272"
        },
        {
          "type": "cssRules",
          "assetId": "4uVmaOMPkJzP",
          "checksum": "57122ab1676185b000930a556bc05272"
        },
        {
          "type": "renderModule",
          "assetId": "X1rLzBCI4G4J",
          "checksum": "54d6034150ba805fc3f200ddaa590bfa"
        },
        {
          "type": "cssRules",
          "assetId": "X1rLzBCI4G4J",
          "checksum": "54d6034150ba805fc3f200ddaa590bfa"
        },
        {
          "type": "renderModule",
          "assetId": "fNeSTvGFB_H6",
          "checksum": "d894bce59211beb579398c1dc0a8f522"
        },
        {
          "type": "cssRules",
          "assetId": "fNeSTvGFB_H6",
          "checksum": "d894bce59211beb579398c1dc0a8f522"
        },
        {
          "type": "renderModule",
          "assetId": "xAMSIykj68vN",
          "checksum": "48de03d1ba8677b605e5576fd328c633"
        },
        {
          "type": "cssRules",
          "assetId": "xAMSIykj68vN",
          "checksum": "48de03d1ba8677b605e5576fd328c633"
        },
        {
          "type": "renderModule",
          "assetId": "s9JU8DR9oJw5",
          "checksum": "412f56e742bae1bbdd49efe881996c62"
        },
        {
          "type": "cssRules",
          "assetId": "s9JU8DR9oJw5",
          "checksum": "412f56e742bae1bbdd49efe881996c62"
        },
        {
          "type": "renderModule",
          "assetId": "erV3fXnIteTe",
          "checksum": "8829c523d01275e29a6e934ae9215df5"
        },
        {
          "type": "cssRules",
          "assetId": "erV3fXnIteTe",
          "checksum": "8829c523d01275e29a6e934ae9215df5"
        },
        {
          "type": "renderModule",
          "assetId": "b6tNq7VAA1a2",
          "checksum": "3d5c25d395df5313a70815f2f115a418"
        },
        {
          "type": "cssRules",
          "assetId": "b6tNq7VAA1a2",
          "checksum": "3d5c25d395df5313a70815f2f115a418"
        },
        {
          "type": "renderModule",
          "assetId": "-BoOsBgt6XwQ",
          "checksum": "ef8551477e7a12823477ac4100ccee7d"
        },
        {
          "type": "cssRules",
          "assetId": "-BoOsBgt6XwQ",
          "checksum": "ef8551477e7a12823477ac4100ccee7d"
        },
        {
          "type": "renderModule",
          "assetId": "RCuBMqy0CZW8",
          "checksum": "b6d907de2b21ec2bb720f4fb43abc7bb"
        },
        {
          "type": "cssRules",
          "assetId": "RCuBMqy0CZW8",
          "checksum": "b6d907de2b21ec2bb720f4fb43abc7bb"
        },
        {
          "type": "renderModule",
          "assetId": "r_7ePccTT7BK",
          "checksum": "70bfe98839d57731d2a76ca8cbcb27da"
        },
        {
          "type": "cssRules",
          "assetId": "r_7ePccTT7BK",
          "checksum": "70bfe98839d57731d2a76ca8cbcb27da"
        },
        {
          "type": "renderModule",
          "assetId": "xwsQuqJI9T8H",
          "checksum": "28ff1adb7c437b27cf0ff0bf0d742821"
        },
        {
          "type": "cssRules",
          "assetId": "xwsQuqJI9T8H",
          "checksum": "28ff1adb7c437b27cf0ff0bf0d742821"
        },
        {
          "type": "renderModule",
          "assetId": "DPg0ApQ_34Tf",
          "checksum": "1f7eb7152a6aa7ee8e56f5cbf2e5251e"
        },
        {
          "type": "cssRules",
          "assetId": "DPg0ApQ_34Tf",
          "checksum": "1f7eb7152a6aa7ee8e56f5cbf2e5251e"
        },
        {
          "type": "renderModule",
          "assetId": "wgw_IZFUuC2U",
          "checksum": "920c968bce9938e6d45748344c8c79dd"
        },
        {
          "type": "cssRules",
          "assetId": "wgw_IZFUuC2U",
          "checksum": "920c968bce9938e6d45748344c8c79dd"
        },
        {
          "type": "renderModule",
          "assetId": "6lDIF369LXXt",
          "checksum": "b3d28897a3e0c1c3606bf3818572a8ee"
        },
        {
          "type": "cssRules",
          "assetId": "6lDIF369LXXt",
          "checksum": "b3d28897a3e0c1c3606bf3818572a8ee"
        },
        {
          "type": "renderModule",
          "assetId": "1T_9MyAFtbND",
          "checksum": "62e0dee33a4fac3d8f0111a3ed9539e7"
        },
        {
          "type": "cssRules",
          "assetId": "1T_9MyAFtbND",
          "checksum": "62e0dee33a4fac3d8f0111a3ed9539e7"
        },
        {
          "type": "renderModule",
          "assetId": "iS68sQYkDEs4",
          "checksum": "d08bc15d5ba5c67a7adc0d493b231fc4"
        },
        {
          "type": "cssRules",
          "assetId": "iS68sQYkDEs4",
          "checksum": "d08bc15d5ba5c67a7adc0d493b231fc4"
        },
        {
          "type": "renderModule",
          "assetId": "oSh0nPygqs8l",
          "checksum": "9ef06fc4e83791bc90e3e4c2f692dafc"
        },
        {
          "type": "cssRules",
          "assetId": "oSh0nPygqs8l",
          "checksum": "9ef06fc4e83791bc90e3e4c2f692dafc"
        },
        {
          "type": "renderModule",
          "assetId": "Yzu8l2Jjln7_",
          "checksum": "9234e7fdf0a3739d9900772e26967762"
        },
        {
          "type": "cssRules",
          "assetId": "Yzu8l2Jjln7_",
          "checksum": "9234e7fdf0a3739d9900772e26967762"
        },
        {
          "type": "renderModule",
          "assetId": "pvtNa1_sMQiD",
          "checksum": "af9c7dfaf16c499a67f826afed77f6ef"
        },
        {
          "type": "cssRules",
          "assetId": "pvtNa1_sMQiD",
          "checksum": "af9c7dfaf16c499a67f826afed77f6ef"
        },
        {
          "type": "renderModule",
          "assetId": "bklbrvjs8_3B",
          "checksum": "2bb31b65a5853b71bb0175eaa249a3fc"
        },
        {
          "type": "cssRules",
          "assetId": "bklbrvjs8_3B",
          "checksum": "2bb31b65a5853b71bb0175eaa249a3fc"
        },
        {
          "type": "renderModule",
          "assetId": "YTeucjJNpOif",
          "checksum": "727d100c6da6529b1c616133e428f842"
        },
        {
          "type": "cssRules",
          "assetId": "YTeucjJNpOif",
          "checksum": "727d100c6da6529b1c616133e428f842"
        },
        {
          "type": "icon",
          "assetId": "33tkUsgvZnao",
          "checksum": "d3a22191c4dabef96ddeff2481986b91"
        },
        {
          "type": "icon",
          "assetId": "fc-pN7nXLrIF",
          "checksum": "79eb9405ef639eb00f4fb9aa40a28a67"
        },
        {
          "type": "icon",
          "assetId": "fgJFPSnfJdgx",
          "checksum": "39d5f5c7c8bf1d8fc44c96a62d4cc58c"
        },
        {
          "type": "icon",
          "assetId": "oXnQ8H7OJDX5",
          "checksum": "0c3d5929dca4c86cbf11eefc30ba55bf"
        },
        {
          "type": "icon",
          "assetId": "L56iOpBPHWm3",
          "checksum": "0bfbf207cd614c4c699a107460af778c"
        },
        {
          "type": "icon",
          "assetId": "9YocSXGudkza",
          "checksum": "d842c76e5709a1e0c1a227fa4087a327"
        },
        {
          "type": "icon",
          "assetId": "SlMTsG1R9Ji3",
          "checksum": "87bd7c0eee58bebb2eadfcf71bb0071b"
        },
        {
          "type": "icon",
          "assetId": "LyMuBGYofAoe",
          "checksum": "e16904180df4f1ba1e6bd107c427a66a"
        },
        {
          "type": "icon",
          "assetId": "Q6djqQjnpNhO",
          "checksum": "bcb662818c8ea53e8d8644fb6b9a1c4c"
        },
        {
          "type": "icon",
          "assetId": "sZUZjUh3Oz9p",
          "checksum": "b921d68d58a0567904616fe9d0943083"
        },
        {
          "type": "icon",
          "assetId": "CKMwzJE1Cpe2",
          "checksum": "ea7927ed9dee2929b13a06a5ee9f5b34"
        },
        {
          "type": "icon",
          "assetId": "vHe45W_eJyZl",
          "checksum": "c2a24c148bbeec996f72ba0cdbdf7148"
        },
        {
          "type": "icon",
          "assetId": "wCHNHyTidWxE",
          "checksum": "592fb8b446ee2ed8caa6369b7ca47e55"
        },
        {
          "type": "icon",
          "assetId": "uPTr_22U4DZB",
          "checksum": "e724bc532667fac3b9eba5d6ce861780"
        },
        {
          "type": "icon",
          "assetId": "89dyH9w9YqPy",
          "checksum": "d4469173df3285295403660ab28a5878"
        },
        {
          "type": "icon",
          "assetId": "Y1drDpHMtTwe",
          "checksum": "cacf05cc4b13d67cba20ab4638de81e7"
        },
        {
          "type": "icon",
          "assetId": "SV13G6O40jAh",
          "checksum": "b7872522c4c61ea539d57945569ac737"
        },
        {
          "type": "icon",
          "assetId": "fH_8Hol_CL60",
          "checksum": "6e4f1b2535d39dee117783acf11acdd3"
        },
        {
          "type": "icon",
          "assetId": "AgZq5Wfc4mlx",
          "checksum": "20a088baac7cf28f8edca04f6402aa96"
        },
        {
          "type": "icon",
          "assetId": "ufIj1KYsVX7g",
          "checksum": "8ba222574a7d8eb8f7f2688ad7a140a6"
        },
        {
          "type": "icon",
          "assetId": "XlBUUZUGrvvO",
          "checksum": "46e405ed1b701cc5e70500740e5c08b4"
        },
        {
          "type": "icon",
          "assetId": "1xGEf6lNVKha",
          "checksum": "7536be81df1f57617ef03f91d70c4646"
        },
        {
          "type": "icon",
          "assetId": "ilzEL35aXFs0",
          "checksum": "6ab365c72ec72c0dc11c9ac90187739d"
        },
        {
          "type": "icon",
          "assetId": "MjC4t4GUpoMA",
          "checksum": "25634b0d307e5ba2321537422c781d75"
        },
        {
          "type": "icon",
          "assetId": "mul6QsWkCRDG",
          "checksum": "0d327115e064ad80dfc6728caa93cfdb"
        },
        {
          "type": "icon",
          "assetId": "5HoE_D7oIRV0",
          "checksum": "615087fd9f66fdc8f9777af2c5c035a3"
        },
        {
          "type": "icon",
          "assetId": "jzoQOXreZink",
          "checksum": "83c4944b556db8b94642b1246799b872"
        },
        {
          "type": "icon",
          "assetId": "hPhtedE6EoXZ",
          "checksum": "46d8b1a5b4e97db9eba8ae4d1b1fb0fb"
        },
        {
          "type": "icon",
          "assetId": "2DYoAq61KZ2c",
          "checksum": "bdf28bdc8a746f65b45f3f2aeeb63564"
        },
        {
          "type": "icon",
          "assetId": "fmX1qYom8hWX",
          "checksum": "ecee04a8384c321f4cc878681a3d5d3b"
        },
        {
          "type": "icon",
          "assetId": "DLvncZrm39kl",
          "checksum": "ba1302f3f3530fa048be8d0fbe32e21f"
        },
        {
          "type": "icon",
          "assetId": "NWSFS5EltLb3",
          "checksum": "45c82f957e7a64a45f20dc0b91aebc12"
        },
        {
          "type": "icon",
          "assetId": "_knAJuId6YYv",
          "checksum": "b64ba66fcde19b612946fea9269ec322"
        },
        {
          "type": "icon",
          "assetId": "Y9stZjaD1AZn",
          "checksum": "fd14a71348f9dcc537cb05f9c6440520"
        },
        {
          "type": "icon",
          "assetId": "fu4dAXU-Gy_l",
          "checksum": "898af14831bccdc37d5aa662c4e3b1fd"
        },
        {
          "type": "icon",
          "assetId": "wv1Sfzk4wcbB",
          "checksum": "17aecf994aa93d131e48c91aba7f052a"
        },
        {
          "type": "icon",
          "assetId": "hlINFESFGFYX",
          "checksum": "848dff45fc33259832b26c1b3ed45a60"
        },
        {
          "type": "icon",
          "assetId": "caclyyljkkHl",
          "checksum": "9220b704dbac2126774f17788a6587e9"
        },
        {
          "type": "icon",
          "assetId": "4ZBAVrfYsOPW",
          "checksum": "51babfeec077714d76c0b6cef9b2bdea"
        },
        {
          "type": "icon",
          "assetId": "nzKYPxUqU_GY",
          "checksum": "35fc8d03b1e872a60dd8f2a270b51e46"
        },
        {
          "type": "icon",
          "assetId": "aol3vUpekla2",
          "checksum": "ce4fb739ce57d635af08d5c4bbe9a15e"
        },
        {
          "type": "icon",
          "assetId": "-DFike-jSTm_",
          "checksum": "cab590a27dc9c58e238399caece68c71"
        },
        {
          "type": "icon",
          "assetId": "slf1P2N2Q4hY",
          "checksum": "4b2fc9f61428baee4d30f6c37979a39c"
        },
        {
          "type": "icon",
          "assetId": "46gOz3Om8bFj",
          "checksum": "a39537395f8d4400cdd64db28f9c263b"
        },
        {
          "type": "icon",
          "assetId": "XkcTvfkiKzEl",
          "checksum": "62c328defd55dfaa7622c076ba95f19b"
        },
        {
          "type": "icon",
          "assetId": "g4hMjP43HGnx",
          "checksum": "17e755c404e6f2d44dec4e39375e1d1a"
        },
        {
          "type": "icon",
          "assetId": "_UNGDKd8h_ZD",
          "checksum": "1ceec1a33d4f769509f1d64da4f5f67e"
        },
        {
          "type": "icon",
          "assetId": "RyGIdK_A4HsE",
          "checksum": "b299c744d3a98c86c4118b80078d54eb"
        },
        {
          "type": "icon",
          "assetId": "apgjLkPEsSZg",
          "checksum": "b01361afd24f270a127abd9870342206"
        },
        {
          "type": "icon",
          "assetId": "3mf_WzSzT1n4",
          "checksum": "3ad63d52c430c775d25531334851a842"
        },
        {
          "type": "icon",
          "assetId": "y0jcj_9N0zel",
          "checksum": "f6449ae698fb8787394607d424201930"
        },
        {
          "type": "icon",
          "assetId": "NYc_vccVQFxf",
          "checksum": "c75fc569cb33767ea48bf0b58a88cbc5"
        },
        {
          "type": "icon",
          "assetId": "HBSAOdtQpd66",
          "checksum": "dfe4261023b3074e7a9037ec769a4f22"
        },
        {
          "type": "icon",
          "assetId": "0afhUop2FR1Q",
          "checksum": "df8b5d4203952c45530eaa7e760e612c"
        },
        {
          "type": "image",
          "assetId": "9RwanJLKBA65",
          "checksum": "b34af157f466ead38d81a871e192190e"
        },
        {
          "type": "image",
          "assetId": "FOTYtluPV7wy",
          "checksum": "402cf5a5461686780029c9ccead99cb6"
        },
        {
          "type": "image",
          "assetId": "prnp7JZA4M6P",
          "checksum": "1ba04ab5ac0c15fdece74f3223bf56e7"
        },
        {
          "type": "image",
          "assetId": "HwN7JPAeir_V",
          "checksum": "bbcd306ab70d02c8508c138fd2873db7"
        },
        {
          "type": "image",
          "assetId": "dNLbaiYnt9rU",
          "checksum": "67bfd169ecfbc5140550fc687e7a0af6"
        },
        {
          "type": "renderModule",
          "assetId": "6pPyMMH9n6vH",
          "checksum": "b56f9fcaac53949d23f3bf73734b4b93"
        },
        {
          "type": "cssRules",
          "assetId": "6pPyMMH9n6vH",
          "checksum": "b56f9fcaac53949d23f3bf73734b4b93"
        },
        {
          "type": "renderModule",
          "assetId": "BIrfUEblpERf",
          "checksum": "523f6be89aec2b744a1fc58eecba8b67"
        },
        {
          "type": "cssRules",
          "assetId": "BIrfUEblpERf",
          "checksum": "523f6be89aec2b744a1fc58eecba8b67"
        },
        {
          "type": "renderModule",
          "assetId": "snHIp0shhUpg",
          "checksum": "8777152f41e20ea8cd7637a552d506c2"
        },
        {
          "type": "cssRules",
          "assetId": "snHIp0shhUpg",
          "checksum": "8777152f41e20ea8cd7637a552d506c2"
        },
        {
          "type": "renderModule",
          "assetId": "J20s0U7K-z1T",
          "checksum": "ecd3b73613b6a312ff87b8a7669ca49d"
        },
        {
          "type": "cssRules",
          "assetId": "J20s0U7K-z1T",
          "checksum": "ecd3b73613b6a312ff87b8a7669ca49d"
        },
        {
          "type": "renderModule",
          "assetId": "w5E5J13JYc7t",
          "checksum": "c92f5fad07002a7660b752c15ea62588"
        },
        {
          "type": "cssRules",
          "assetId": "w5E5J13JYc7t",
          "checksum": "c92f5fad07002a7660b752c15ea62588"
        },
        {
          "type": "icon",
          "assetId": "MFsrJOsYN371",
          "checksum": "32133354c48227751764155e86f5f915"
        },
        {
          "type": "icon",
          "assetId": "sXEne5pTMqPk",
          "checksum": "d2440392b681fb52a10aeca3e1bd70fd"
        },
        {
          "type": "icon",
          "assetId": "O2on92b-bMla",
          "checksum": "61970bf8f4948f9e2bfefcbacc95768d"
        },
        {
          "type": "icon",
          "assetId": "L95fBnO8guLj",
          "checksum": "b55d7e86e9a9105ec41c414d40f6010b"
        },
        {
          "type": "icon",
          "assetId": "VbldlGv6vp97",
          "checksum": "a690083e8736e26cb05d01af43475c8a"
        },
        {
          "type": "icon",
          "assetId": "dUwZYrAcyy3m",
          "checksum": "bc62fc7a4e5050f42f013a1d46080181"
        },
        {
          "type": "icon",
          "assetId": "Vrmb1IaW9kAa",
          "checksum": "9fae4febc13abc3c644bf8255f17c566"
        },
        {
          "type": "icon",
          "assetId": "qgCkJkTaOlFc",
          "checksum": "9e9cc60a37a0ac9f3e72e68795dbebe6"
        },
        {
          "type": "icon",
          "assetId": "tPrPLGQHHtqz",
          "checksum": "1709212bd3f21ae1ef03ad3f157fb8cc"
        },
        {
          "type": "icon",
          "assetId": "kWWQH2BTte2G",
          "checksum": "2f4c76beb0738e0ac67a7242608b5ed3"
        },
        {
          "type": "icon",
          "assetId": "eYIU5nicVU3k",
          "checksum": "d7071cf99a87d5aab27201316f20c380"
        },
        {
          "type": "icon",
          "assetId": "MkX3tnDl63_o",
          "checksum": "f673be635e47822c235af076b8617c51"
        },
        {
          "type": "icon",
          "assetId": "01zPYYfgFEm2",
          "checksum": "de7965b255193b26497acbbd82654313"
        },
        {
          "type": "icon",
          "assetId": "xtFLfmJo71iz",
          "checksum": "31bfbaa4cf092fc45f744615a1de3873"
        },
        {
          "type": "icon",
          "assetId": "jkuBOT_wY2r1",
          "checksum": "c81f8a1871576b8d2cba85c153eb925e"
        },
        {
          "type": "icon",
          "assetId": "3QmHOrby9SS3",
          "checksum": "60e1d1fa1fe8ac49ce0d2f4fba51d063"
        },
        {
          "type": "icon",
          "assetId": "pd2OGcFZ-jqH",
          "checksum": "38e8d68239e9846c7ef098242d83b5e1"
        },
        {
          "type": "icon",
          "assetId": "1i_14N6e0L84",
          "checksum": "90bb39057ece89ac509f6a36a9df7fa2"
        },
        {
          "type": "icon",
          "assetId": "bTiLHGhshMuI",
          "checksum": "9307e07f24832e7880a98947f493fae7"
        },
        {
          "type": "icon",
          "assetId": "PauwccPpJ4oC",
          "checksum": "62c106d54f996d295341c6dc7c6740a3"
        },
        {
          "type": "icon",
          "assetId": "zG2EMLXUU3hG",
          "checksum": "5f7c21d702304c463d2bcef4302774d5"
        },
        {
          "type": "icon",
          "assetId": "lDxvt_LJ-tMx",
          "checksum": "b29b7d2eb0862f20a129616d9a4faa64"
        },
        {
          "type": "icon",
          "assetId": "_Bg-60YPfpUy",
          "checksum": "aa6ab5cb046c0eb3667f533e7523495c"
        },
        {
          "type": "icon",
          "assetId": "wHK-4Tu35c0A",
          "checksum": "5806fc3e9fa07f58d9aaf18944e5adf3"
        },
        {
          "type": "icon",
          "assetId": "NrnmwF1XVuK9",
          "checksum": "5af643d948f4f5d0e4e7a132279d389f"
        },
        {
          "type": "icon",
          "assetId": "y0k2igmDYeFW",
          "checksum": "82909b32ef2cccdc8659dc8cd6f1d3b9"
        },
        {
          "type": "icon",
          "assetId": "iT8vlM7V2mle",
          "checksum": "b992d3e3da9f6d266cc4b7346765dd86"
        },
        {
          "type": "icon",
          "assetId": "FXXChlI1PXSV",
          "checksum": "8ab3f63ecbfabd8d9df10c9477638b30"
        },
        {
          "type": "icon",
          "assetId": "pgl_3bThkRoN",
          "checksum": "d4d9a52267b836780fe81fea60eed16d"
        },
        {
          "type": "image",
          "assetId": "kEalagfxhgkC",
          "checksum": "75c02889d904357b42c5792c69c404a8"
        },
        {
          "type": "image",
          "assetId": "t__6fay4fQO_",
          "checksum": "5abb038b972ebe3c5ed78d25e623d0ff"
        },
        {
          "assetId": "14Poat1Xo2MFaa35ZoCnqd",
          "type": "projectCss",
          "checksum": "a950b2b6daf733913c97e991ee055284"
        }
      ],
      "codegenVersion": "0.0.2"
    }
  ],
  "cliVersion": "0.1.342"
}
